// !$*UTF8*$!
{
	archiveVersion = 1;
	classes = {
	};
	objectVersion = 51;
	objects = {

/* Begin PBXBuildFile section */
		5B1BB309240B431600E235CD /* LoginViewController.swift in Sources */ = {isa = PBXBuildFile; fileRef = 5B1BB308240B431600E235CD /* LoginViewController.swift */; };
		5B1BB30D240B450000E235CD /* HomeViewController.swift in Sources */ = {isa = PBXBuildFile; fileRef = 5B1BB30C240B450000E235CD /* HomeViewController.swift */; };
		5B5A71E323EB3FDD00B5E2C5 /* AppDelegate.swift in Sources */ = {isa = PBXBuildFile; fileRef = 5B5A71E223EB3FDD00B5E2C5 /* AppDelegate.swift */; };
		5B5A71E523EB3FDD00B5E2C5 /* SceneDelegate.swift in Sources */ = {isa = PBXBuildFile; fileRef = 5B5A71E423EB3FDD00B5E2C5 /* SceneDelegate.swift */; };
		5B5A71EA23EB3FDD00B5E2C5 /* Main.storyboard in Resources */ = {isa = PBXBuildFile; fileRef = 5B5A71E823EB3FDD00B5E2C5 /* Main.storyboard */; };
		5B5A71ED23EB3FDD00B5E2C5 /* AgriGuardian.xcdatamodeld in Sources */ = {isa = PBXBuildFile; fileRef = 5B5A71EB23EB3FDD00B5E2C5 /* AgriGuardian.xcdatamodeld */; };
		5B5A71EF23EB3FE100B5E2C5 /* Assets.xcassets in Resources */ = {isa = PBXBuildFile; fileRef = 5B5A71EE23EB3FE100B5E2C5 /* Assets.xcassets */; };
		5B5A71F223EB3FE100B5E2C5 /* LaunchScreen.storyboard in Resources */ = {isa = PBXBuildFile; fileRef = 5B5A71F023EB3FE100B5E2C5 /* LaunchScreen.storyboard */; };
		5B5A71FD23EB3FE100B5E2C5 /* AgriGuardianTests.swift in Sources */ = {isa = PBXBuildFile; fileRef = 5B5A71FC23EB3FE100B5E2C5 /* AgriGuardianTests.swift */; };
		5B5A720823EB3FE100B5E2C5 /* AgriGuardianUITests.swift in Sources */ = {isa = PBXBuildFile; fileRef = 5B5A720723EB3FE100B5E2C5 /* AgriGuardianUITests.swift */; };
		5B5A721623EB414200B5E2C5 /* GoogleService-Info.plist in Resources */ = {isa = PBXBuildFile; fileRef = 5B5A721523EB414200B5E2C5 /* GoogleService-Info.plist */; };
		5B5A721723EB414200B5E2C5 /* GoogleService-Info.plist in Resources */ = {isa = PBXBuildFile; fileRef = 5B5A721523EB414200B5E2C5 /* GoogleService-Info.plist */; };
		5B5A721823EB414200B5E2C5 /* GoogleService-Info.plist in Resources */ = {isa = PBXBuildFile; fileRef = 5B5A721523EB414200B5E2C5 /* GoogleService-Info.plist */; };
		5B8DF8B2240C901D006AE846 /* ProfilesViewController.swift in Sources */ = {isa = PBXBuildFile; fileRef = 5B8DF8B1240C901D006AE846 /* ProfilesViewController.swift */; };
		5B8DF8B4240C9113006AE846 /* ProfileCollectionViewCell.swift in Sources */ = {isa = PBXBuildFile; fileRef = 5B8DF8B3240C9113006AE846 /* ProfileCollectionViewCell.swift */; };
		5B96C864243E809C00843163 /* FirebaseManager.swift in Sources */ = {isa = PBXBuildFile; fileRef = 5B96C863243E809C00843163 /* FirebaseManager.swift */; };
		5B97AC0F2469C8B70086B18A /* InitialLoginViewController.swift in Sources */ = {isa = PBXBuildFile; fileRef = 5B97AC0E2469C8B70086B18A /* InitialLoginViewController.swift */; };
		5B97AC112469C8FD0086B18A /* IntroAccountInfoViewController.swift in Sources */ = {isa = PBXBuildFile; fileRef = 5B97AC102469C8FD0086B18A /* IntroAccountInfoViewController.swift */; };
		5BFBC69B2458B9E700D0A745 /* DeviceDetailViewController.swift in Sources */ = {isa = PBXBuildFile; fileRef = 5BFBC69A2458B9E700D0A745 /* DeviceDetailViewController.swift */; };
		5BFBC6A024660EF200D0A745 /* SignUpViewController.swift in Sources */ = {isa = PBXBuildFile; fileRef = 5BFBC69F24660EF200D0A745 /* SignUpViewController.swift */; };
		6607CDDF247DB499002AFACA /* Notification.storyboard in Resources */ = {isa = PBXBuildFile; fileRef = 6607CDDE247DB499002AFACA /* Notification.storyboard */; };
		6607CDE2247DB825002AFACA /* CrashReportViewController.swift in Sources */ = {isa = PBXBuildFile; fileRef = 6607CDE1247DB825002AFACA /* CrashReportViewController.swift */; };
		6621C635240B69490039B49A /* YearlyHistoryTableViewController.swift in Sources */ = {isa = PBXBuildFile; fileRef = 6621C633240B69490039B49A /* YearlyHistoryTableViewController.swift */; };
		6621C636240B69490039B49A /* MonthlyHistoryTableViewController.swift in Sources */ = {isa = PBXBuildFile; fileRef = 6621C634240B69490039B49A /* MonthlyHistoryTableViewController.swift */; };
		6621C63D240B69900039B49A /* DeviceTableViewController.swift in Sources */ = {isa = PBXBuildFile; fileRef = 6621C639240B69900039B49A /* DeviceTableViewController.swift */; };
		6621C63E240B69900039B49A /* ViewController+Alerts.swift in Sources */ = {isa = PBXBuildFile; fileRef = 6621C63B240B69900039B49A /* ViewController+Alerts.swift */; };
		6621C640240B6D230039B49A /* MainTabBarController.swift in Sources */ = {isa = PBXBuildFile; fileRef = 6621C63F240B6D230039B49A /* MainTabBarController.swift */; };
		6621C64C240C8B560039B49A /* RideDetailCollectionViewController.swift in Sources */ = {isa = PBXBuildFile; fileRef = 6621C64B240C8B560039B49A /* RideDetailCollectionViewController.swift */; };
		6648BB93243BF5D40092093E /* RideGraphCVCell.swift in Sources */ = {isa = PBXBuildFile; fileRef = 6648BB91243BF5D40092093E /* RideGraphCVCell.swift */; };
		6648BB94243BF5D40092093E /* RideGraphCVCell.xib in Resources */ = {isa = PBXBuildFile; fileRef = 6648BB92243BF5D40092093E /* RideGraphCVCell.xib */; };
		6648BB96243BFFA90092093E /* Date.swift in Sources */ = {isa = PBXBuildFile; fileRef = 6648BB95243BFFA90092093E /* Date.swift */; };
		665A19382462160900C02973 /* Onboarding.storyboard in Resources */ = {isa = PBXBuildFile; fileRef = 665A19372462160900C02973 /* Onboarding.storyboard */; };
		665A58EC248480D1001903DC /* ride_04.csv in Resources */ = {isa = PBXBuildFile; fileRef = 665A58EB248480D1001903DC /* ride_04.csv */; };
		665A58EF24848A3B001903DC /* ride_11.csv in Resources */ = {isa = PBXBuildFile; fileRef = 665A58EE24848A3B001903DC /* ride_11.csv */; };
		66603F20240B2C3300253B04 /* RideParameters.swift in Sources */ = {isa = PBXBuildFile; fileRef = 66603F1F240B2C3300253B04 /* RideParameters.swift */; };
		66603F22240B308200253B04 /* User.swift in Sources */ = {isa = PBXBuildFile; fileRef = 66603F21240B308200253B04 /* User.swift */; };
		6662C26D240E011D00C622D5 /* RideMapViewController.swift in Sources */ = {isa = PBXBuildFile; fileRef = 6662C26C240E011D00C622D5 /* RideMapViewController.swift */; };
		6662C279240E111700C622D5 /* RideDetailInfoCVC.swift in Sources */ = {isa = PBXBuildFile; fileRef = 6662C26F240E111700C622D5 /* RideDetailInfoCVC.swift */; };
		6662C27A240E111700C622D5 /* RideTableViewCell.swift in Sources */ = {isa = PBXBuildFile; fileRef = 6662C270240E111700C622D5 /* RideTableViewCell.swift */; };
		6662C27B240E111700C622D5 /* RideTableViewCell.xib in Resources */ = {isa = PBXBuildFile; fileRef = 6662C271240E111700C622D5 /* RideTableViewCell.xib */; };
		6662C27C240E111700C622D5 /* RideDetailHeaderCRV.swift in Sources */ = {isa = PBXBuildFile; fileRef = 6662C272240E111700C622D5 /* RideDetailHeaderCRV.swift */; };
		6662C27D240E111700C622D5 /* RideDetailInfoCVC.xib in Resources */ = {isa = PBXBuildFile; fileRef = 6662C273240E111700C622D5 /* RideDetailInfoCVC.xib */; };
		6662C27E240E111700C622D5 /* MonthHistoryTableViewCell.swift in Sources */ = {isa = PBXBuildFile; fileRef = 6662C274240E111700C622D5 /* MonthHistoryTableViewCell.swift */; };
		6662C27F240E111700C622D5 /* MonthHistoryTableViewCell.xib in Resources */ = {isa = PBXBuildFile; fileRef = 6662C275240E111700C622D5 /* MonthHistoryTableViewCell.xib */; };
		6662C280240E111700C622D5 /* RideDetailMapCVC.xib in Resources */ = {isa = PBXBuildFile; fileRef = 6662C276240E111700C622D5 /* RideDetailMapCVC.xib */; };
		6662C281240E111700C622D5 /* RideDetailMapCVC.swift in Sources */ = {isa = PBXBuildFile; fileRef = 6662C277240E111700C622D5 /* RideDetailMapCVC.swift */; };
		6662C282240E111700C622D5 /* RideDetailHeaderCRV.xib in Resources */ = {isa = PBXBuildFile; fileRef = 6662C278240E111700C622D5 /* RideDetailHeaderCRV.xib */; };
		666AC0CD23FA229300DEB3E3 /* PeripheralViewController.swift in Sources */ = {isa = PBXBuildFile; fileRef = 666AC0CC23FA229300DEB3E3 /* PeripheralViewController.swift */; };
		666CC514244FDAE500222841 /* AccountViewController.swift in Sources */ = {isa = PBXBuildFile; fileRef = 666CC513244FDAE500222841 /* AccountViewController.swift */; };
		666CC516244FE26800222841 /* ManageDevicesViewController.swift in Sources */ = {isa = PBXBuildFile; fileRef = 666CC515244FE26800222841 /* ManageDevicesViewController.swift */; };
		667302B22405FD2500BA015A /* Device.swift in Sources */ = {isa = PBXBuildFile; fileRef = 667302B12405FD2500BA015A /* Device.swift */; };
		667302B92405FF2600BA015A /* Datagram.swift in Sources */ = {isa = PBXBuildFile; fileRef = 667302B62405FF2600BA015A /* Datagram.swift */; };
		667302BA2405FF2600BA015A /* Message.swift in Sources */ = {isa = PBXBuildFile; fileRef = 667302B72405FF2600BA015A /* Message.swift */; };
		667302BB2405FF2600BA015A /* MessageReceiver.swift in Sources */ = {isa = PBXBuildFile; fileRef = 667302B82405FF2600BA015A /* MessageReceiver.swift */; };
		667EB1632418549200B8BCC1 /* RideOrganization.swift in Sources */ = {isa = PBXBuildFile; fileRef = 667EB1622418549200B8BCC1 /* RideOrganization.swift */; };
		669338B22455048500612DD2 /* DataPullViewController.swift in Sources */ = {isa = PBXBuildFile; fileRef = 669338B12455048500612DD2 /* DataPullViewController.swift */; };
		66946A5F240F374D00800E0B /* DevicesCollectionViewController.swift in Sources */ = {isa = PBXBuildFile; fileRef = 66946A5E240F374D00800E0B /* DevicesCollectionViewController.swift */; };
		66946A63240F694000800E0B /* DeviceCollectionViewCell.swift in Sources */ = {isa = PBXBuildFile; fileRef = 66946A61240F694000800E0B /* DeviceCollectionViewCell.swift */; };
		66946A64240F694000800E0B /* DeviceCollectionViewCell.xib in Resources */ = {isa = PBXBuildFile; fileRef = 66946A62240F694000800E0B /* DeviceCollectionViewCell.xib */; };
		66946A6924109D7F00800E0B /* SettingsViewController.swift in Sources */ = {isa = PBXBuildFile; fileRef = 66946A6824109D7F00800E0B /* SettingsViewController.swift */; };
		6697FE752415C54900623A89 /* DashboardHeaderView.swift in Sources */ = {isa = PBXBuildFile; fileRef = 6697FE732415C54900623A89 /* DashboardHeaderView.swift */; };
		6697FE762415C54900623A89 /* DashboardHeaderView.xib in Resources */ = {isa = PBXBuildFile; fileRef = 6697FE742415C54900623A89 /* DashboardHeaderView.xib */; };
		6697FE792415C70000623A89 /* LastRideCell.swift in Sources */ = {isa = PBXBuildFile; fileRef = 6697FE772415C70000623A89 /* LastRideCell.swift */; };
		6697FE7A2415C70000623A89 /* LastRideCell.xib in Resources */ = {isa = PBXBuildFile; fileRef = 6697FE782415C70000623A89 /* LastRideCell.xib */; };
		6697FE7D2415D05000623A89 /* StatisticsCell.swift in Sources */ = {isa = PBXBuildFile; fileRef = 6697FE7B2415D05000623A89 /* StatisticsCell.swift */; };
		6697FE7E2415D05000623A89 /* StatisticsCell.xib in Resources */ = {isa = PBXBuildFile; fileRef = 6697FE7C2415D05000623A89 /* StatisticsCell.xib */; };
		6697FE812415DC8100623A89 /* WeekDetailCell.swift in Sources */ = {isa = PBXBuildFile; fileRef = 6697FE7F2415DC8100623A89 /* WeekDetailCell.swift */; };
		6697FE822415DC8100623A89 /* WeekDetailCell.xib in Resources */ = {isa = PBXBuildFile; fileRef = 6697FE802415DC8100623A89 /* WeekDetailCell.xib */; };
		6697FE852415DEC300623A89 /* LastLocationCell.swift in Sources */ = {isa = PBXBuildFile; fileRef = 6697FE832415DEC300623A89 /* LastLocationCell.swift */; };
		6697FE862415DEC300623A89 /* LastLocationCell.xib in Resources */ = {isa = PBXBuildFile; fileRef = 6697FE842415DEC300623A89 /* LastLocationCell.xib */; };
		6697FE882415EDBE00623A89 /* TestDataManager.swift in Sources */ = {isa = PBXBuildFile; fileRef = 6697FE872415EDBE00623A89 /* TestDataManager.swift */; };
		6697FE8A2417388400623A89 /* ride_00.csv in Resources */ = {isa = PBXBuildFile; fileRef = 6697FE892417388300623A89 /* ride_00.csv */; };
		66B66B902487172200F94F64 /* ride_01.csv in Resources */ = {isa = PBXBuildFile; fileRef = 66B66B8F2487172200F94F64 /* ride_01.csv */; };
		6DB29B079D0657A665F2FEB9 /* Pods_AgriGuardian_AgriGuardianUITests.framework in Frameworks */ = {isa = PBXBuildFile; fileRef = 7E09B5FDD8AD16490081C627 /* Pods_AgriGuardian_AgriGuardianUITests.framework */; };
		8C7F317BE3BCEF184CFF6FD1 /* Pods_AgriGuardianTests.framework in Frameworks */ = {isa = PBXBuildFile; fileRef = A450BBE35690E39175F7E24F /* Pods_AgriGuardianTests.framework */; };
		C7B49D1582F673FADC4DEE5E /* Pods_AgriGuardian.framework in Frameworks */ = {isa = PBXBuildFile; fileRef = 879949621C67682580496505 /* Pods_AgriGuardian.framework */; };
/* End PBXBuildFile section */

/* Begin PBXContainerItemProxy section */
		5B5A71F923EB3FE100B5E2C5 /* PBXContainerItemProxy */ = {
			isa = PBXContainerItemProxy;
			containerPortal = 5B5A71D723EB3FDD00B5E2C5 /* Project object */;
			proxyType = 1;
			remoteGlobalIDString = 5B5A71DE23EB3FDD00B5E2C5;
			remoteInfo = AgriGuardian;
		};
		5B5A720423EB3FE100B5E2C5 /* PBXContainerItemProxy */ = {
			isa = PBXContainerItemProxy;
			containerPortal = 5B5A71D723EB3FDD00B5E2C5 /* Project object */;
			proxyType = 1;
			remoteGlobalIDString = 5B5A71DE23EB3FDD00B5E2C5;
			remoteInfo = AgriGuardian;
		};
/* End PBXContainerItemProxy section */

/* Begin PBXFileReference section */
		2EDA8491E9DCBAC6C6237A7C /* Pods-AgriGuardian-AgriGuardianUITests.release.xcconfig */ = {isa = PBXFileReference; includeInIndex = 1; lastKnownFileType = text.xcconfig; name = "Pods-AgriGuardian-AgriGuardianUITests.release.xcconfig"; path = "Target Support Files/Pods-AgriGuardian-AgriGuardianUITests/Pods-AgriGuardian-AgriGuardianUITests.release.xcconfig"; sourceTree = "<group>"; };
		3ADD5A61AEAEC14444025D1B /* Pods-AgriGuardianTests.debug.xcconfig */ = {isa = PBXFileReference; includeInIndex = 1; lastKnownFileType = text.xcconfig; name = "Pods-AgriGuardianTests.debug.xcconfig"; path = "Target Support Files/Pods-AgriGuardianTests/Pods-AgriGuardianTests.debug.xcconfig"; sourceTree = "<group>"; };
		5B1BB308240B431600E235CD /* LoginViewController.swift */ = {isa = PBXFileReference; lastKnownFileType = sourcecode.swift; path = LoginViewController.swift; sourceTree = "<group>"; };
		5B1BB30C240B450000E235CD /* HomeViewController.swift */ = {isa = PBXFileReference; lastKnownFileType = sourcecode.swift; path = HomeViewController.swift; sourceTree = "<group>"; };
		5B5A71DF23EB3FDD00B5E2C5 /* AgriGuardian.app */ = {isa = PBXFileReference; explicitFileType = wrapper.application; includeInIndex = 0; path = AgriGuardian.app; sourceTree = BUILT_PRODUCTS_DIR; };
		5B5A71E223EB3FDD00B5E2C5 /* AppDelegate.swift */ = {isa = PBXFileReference; lastKnownFileType = sourcecode.swift; path = AppDelegate.swift; sourceTree = "<group>"; };
		5B5A71E423EB3FDD00B5E2C5 /* SceneDelegate.swift */ = {isa = PBXFileReference; lastKnownFileType = sourcecode.swift; path = SceneDelegate.swift; sourceTree = "<group>"; };
		5B5A71E923EB3FDD00B5E2C5 /* Base */ = {isa = PBXFileReference; lastKnownFileType = file.storyboard; name = Base; path = Base.lproj/Main.storyboard; sourceTree = "<group>"; };
		5B5A71EC23EB3FDD00B5E2C5 /* AgriGuardian.xcdatamodel */ = {isa = PBXFileReference; lastKnownFileType = wrapper.xcdatamodel; path = AgriGuardian.xcdatamodel; sourceTree = "<group>"; };
		5B5A71EE23EB3FE100B5E2C5 /* Assets.xcassets */ = {isa = PBXFileReference; lastKnownFileType = folder.assetcatalog; path = Assets.xcassets; sourceTree = "<group>"; };
		5B5A71F123EB3FE100B5E2C5 /* Base */ = {isa = PBXFileReference; lastKnownFileType = file.storyboard; name = Base; path = Base.lproj/LaunchScreen.storyboard; sourceTree = "<group>"; };
		5B5A71F323EB3FE100B5E2C5 /* Info.plist */ = {isa = PBXFileReference; lastKnownFileType = text.plist.xml; path = Info.plist; sourceTree = "<group>"; };
		5B5A71F823EB3FE100B5E2C5 /* AgriGuardianTests.xctest */ = {isa = PBXFileReference; explicitFileType = wrapper.cfbundle; includeInIndex = 0; path = AgriGuardianTests.xctest; sourceTree = BUILT_PRODUCTS_DIR; };
		5B5A71FC23EB3FE100B5E2C5 /* AgriGuardianTests.swift */ = {isa = PBXFileReference; lastKnownFileType = sourcecode.swift; path = AgriGuardianTests.swift; sourceTree = "<group>"; };
		5B5A71FE23EB3FE100B5E2C5 /* Info.plist */ = {isa = PBXFileReference; lastKnownFileType = text.plist.xml; path = Info.plist; sourceTree = "<group>"; };
		5B5A720323EB3FE100B5E2C5 /* AgriGuardianUITests.xctest */ = {isa = PBXFileReference; explicitFileType = wrapper.cfbundle; includeInIndex = 0; path = AgriGuardianUITests.xctest; sourceTree = BUILT_PRODUCTS_DIR; };
		5B5A720723EB3FE100B5E2C5 /* AgriGuardianUITests.swift */ = {isa = PBXFileReference; lastKnownFileType = sourcecode.swift; path = AgriGuardianUITests.swift; sourceTree = "<group>"; };
		5B5A720923EB3FE100B5E2C5 /* Info.plist */ = {isa = PBXFileReference; lastKnownFileType = text.plist.xml; path = Info.plist; sourceTree = "<group>"; };
		5B5A721523EB414200B5E2C5 /* GoogleService-Info.plist */ = {isa = PBXFileReference; fileEncoding = 4; lastKnownFileType = text.plist.xml; path = "GoogleService-Info.plist"; sourceTree = "<group>"; };
		5B8DF8B1240C901D006AE846 /* ProfilesViewController.swift */ = {isa = PBXFileReference; lastKnownFileType = sourcecode.swift; path = ProfilesViewController.swift; sourceTree = "<group>"; };
		5B8DF8B3240C9113006AE846 /* ProfileCollectionViewCell.swift */ = {isa = PBXFileReference; lastKnownFileType = sourcecode.swift; name = ProfileCollectionViewCell.swift; path = AgriGuardian/Controllers/ProfileCollectionViewCell.swift; sourceTree = SOURCE_ROOT; };
		5B96C863243E809C00843163 /* FirebaseManager.swift */ = {isa = PBXFileReference; lastKnownFileType = sourcecode.swift; path = FirebaseManager.swift; sourceTree = "<group>"; };
		5B97AC0E2469C8B70086B18A /* InitialLoginViewController.swift */ = {isa = PBXFileReference; lastKnownFileType = sourcecode.swift; path = InitialLoginViewController.swift; sourceTree = "<group>"; };
		5B97AC102469C8FD0086B18A /* IntroAccountInfoViewController.swift */ = {isa = PBXFileReference; lastKnownFileType = sourcecode.swift; path = IntroAccountInfoViewController.swift; sourceTree = "<group>"; };
		5BFBC69A2458B9E700D0A745 /* DeviceDetailViewController.swift */ = {isa = PBXFileReference; fileEncoding = 4; lastKnownFileType = sourcecode.swift; path = DeviceDetailViewController.swift; sourceTree = "<group>"; };
		5BFBC69F24660EF200D0A745 /* SignUpViewController.swift */ = {isa = PBXFileReference; lastKnownFileType = sourcecode.swift; path = SignUpViewController.swift; sourceTree = "<group>"; };
		6607CDDE247DB499002AFACA /* Notification.storyboard */ = {isa = PBXFileReference; lastKnownFileType = file.storyboard; path = Notification.storyboard; sourceTree = "<group>"; };
		6607CDE1247DB825002AFACA /* CrashReportViewController.swift */ = {isa = PBXFileReference; lastKnownFileType = sourcecode.swift; path = CrashReportViewController.swift; sourceTree = "<group>"; };
		6621C633240B69490039B49A /* YearlyHistoryTableViewController.swift */ = {isa = PBXFileReference; fileEncoding = 4; lastKnownFileType = sourcecode.swift; path = YearlyHistoryTableViewController.swift; sourceTree = "<group>"; };
		6621C634240B69490039B49A /* MonthlyHistoryTableViewController.swift */ = {isa = PBXFileReference; fileEncoding = 4; lastKnownFileType = sourcecode.swift; path = MonthlyHistoryTableViewController.swift; sourceTree = "<group>"; };
		6621C639240B69900039B49A /* DeviceTableViewController.swift */ = {isa = PBXFileReference; fileEncoding = 4; lastKnownFileType = sourcecode.swift; path = DeviceTableViewController.swift; sourceTree = "<group>"; };
		6621C63B240B69900039B49A /* ViewController+Alerts.swift */ = {isa = PBXFileReference; fileEncoding = 4; lastKnownFileType = sourcecode.swift; path = "ViewController+Alerts.swift"; sourceTree = "<group>"; };
		6621C63F240B6D230039B49A /* MainTabBarController.swift */ = {isa = PBXFileReference; lastKnownFileType = sourcecode.swift; path = MainTabBarController.swift; sourceTree = "<group>"; };
		6621C64B240C8B560039B49A /* RideDetailCollectionViewController.swift */ = {isa = PBXFileReference; lastKnownFileType = sourcecode.swift; path = RideDetailCollectionViewController.swift; sourceTree = "<group>"; };
		6648BB91243BF5D40092093E /* RideGraphCVCell.swift */ = {isa = PBXFileReference; lastKnownFileType = sourcecode.swift; path = RideGraphCVCell.swift; sourceTree = "<group>"; };
		6648BB92243BF5D40092093E /* RideGraphCVCell.xib */ = {isa = PBXFileReference; lastKnownFileType = file.xib; path = RideGraphCVCell.xib; sourceTree = "<group>"; };
		6648BB95243BFFA90092093E /* Date.swift */ = {isa = PBXFileReference; lastKnownFileType = sourcecode.swift; path = Date.swift; sourceTree = "<group>"; };
		665A19372462160900C02973 /* Onboarding.storyboard */ = {isa = PBXFileReference; lastKnownFileType = file.storyboard; path = Onboarding.storyboard; sourceTree = "<group>"; };
		665A58EB248480D1001903DC /* ride_04.csv */ = {isa = PBXFileReference; lastKnownFileType = text; path = ride_04.csv; sourceTree = "<group>"; };
		665A58EE24848A3B001903DC /* ride_11.csv */ = {isa = PBXFileReference; lastKnownFileType = text; path = ride_11.csv; sourceTree = "<group>"; };
		66603F1F240B2C3300253B04 /* RideParameters.swift */ = {isa = PBXFileReference; lastKnownFileType = sourcecode.swift; path = RideParameters.swift; sourceTree = "<group>"; };
		66603F21240B308200253B04 /* User.swift */ = {isa = PBXFileReference; lastKnownFileType = sourcecode.swift; path = User.swift; sourceTree = "<group>"; };
		6662C26C240E011D00C622D5 /* RideMapViewController.swift */ = {isa = PBXFileReference; lastKnownFileType = sourcecode.swift; path = RideMapViewController.swift; sourceTree = "<group>"; };
		6662C26F240E111700C622D5 /* RideDetailInfoCVC.swift */ = {isa = PBXFileReference; fileEncoding = 4; lastKnownFileType = sourcecode.swift; path = RideDetailInfoCVC.swift; sourceTree = "<group>"; };
		6662C270240E111700C622D5 /* RideTableViewCell.swift */ = {isa = PBXFileReference; fileEncoding = 4; lastKnownFileType = sourcecode.swift; path = RideTableViewCell.swift; sourceTree = "<group>"; };
		6662C271240E111700C622D5 /* RideTableViewCell.xib */ = {isa = PBXFileReference; fileEncoding = 4; lastKnownFileType = file.xib; path = RideTableViewCell.xib; sourceTree = "<group>"; };
		6662C272240E111700C622D5 /* RideDetailHeaderCRV.swift */ = {isa = PBXFileReference; fileEncoding = 4; lastKnownFileType = sourcecode.swift; path = RideDetailHeaderCRV.swift; sourceTree = "<group>"; };
		6662C273240E111700C622D5 /* RideDetailInfoCVC.xib */ = {isa = PBXFileReference; fileEncoding = 4; lastKnownFileType = file.xib; path = RideDetailInfoCVC.xib; sourceTree = "<group>"; };
		6662C274240E111700C622D5 /* MonthHistoryTableViewCell.swift */ = {isa = PBXFileReference; fileEncoding = 4; lastKnownFileType = sourcecode.swift; path = MonthHistoryTableViewCell.swift; sourceTree = "<group>"; };
		6662C275240E111700C622D5 /* MonthHistoryTableViewCell.xib */ = {isa = PBXFileReference; fileEncoding = 4; lastKnownFileType = file.xib; path = MonthHistoryTableViewCell.xib; sourceTree = "<group>"; };
		6662C276240E111700C622D5 /* RideDetailMapCVC.xib */ = {isa = PBXFileReference; fileEncoding = 4; lastKnownFileType = file.xib; path = RideDetailMapCVC.xib; sourceTree = "<group>"; };
		6662C277240E111700C622D5 /* RideDetailMapCVC.swift */ = {isa = PBXFileReference; fileEncoding = 4; lastKnownFileType = sourcecode.swift; path = RideDetailMapCVC.swift; sourceTree = "<group>"; };
		6662C278240E111700C622D5 /* RideDetailHeaderCRV.xib */ = {isa = PBXFileReference; fileEncoding = 4; lastKnownFileType = file.xib; path = RideDetailHeaderCRV.xib; sourceTree = "<group>"; };
		666AC0CC23FA229300DEB3E3 /* PeripheralViewController.swift */ = {isa = PBXFileReference; lastKnownFileType = sourcecode.swift; path = PeripheralViewController.swift; sourceTree = "<group>"; };
		666AC0CE23FA266700DEB3E3 /* AgriGuardian.entitlements */ = {isa = PBXFileReference; lastKnownFileType = text.plist.entitlements; path = AgriGuardian.entitlements; sourceTree = "<group>"; };
		666CC513244FDAE500222841 /* AccountViewController.swift */ = {isa = PBXFileReference; lastKnownFileType = sourcecode.swift; path = AccountViewController.swift; sourceTree = "<group>"; };
		666CC515244FE26800222841 /* ManageDevicesViewController.swift */ = {isa = PBXFileReference; lastKnownFileType = sourcecode.swift; path = ManageDevicesViewController.swift; sourceTree = "<group>"; };
		667302B12405FD2500BA015A /* Device.swift */ = {isa = PBXFileReference; lastKnownFileType = sourcecode.swift; path = Device.swift; sourceTree = "<group>"; };
		667302B62405FF2600BA015A /* Datagram.swift */ = {isa = PBXFileReference; fileEncoding = 4; lastKnownFileType = sourcecode.swift; path = Datagram.swift; sourceTree = "<group>"; };
		667302B72405FF2600BA015A /* Message.swift */ = {isa = PBXFileReference; fileEncoding = 4; lastKnownFileType = sourcecode.swift; path = Message.swift; sourceTree = "<group>"; };
		667302B82405FF2600BA015A /* MessageReceiver.swift */ = {isa = PBXFileReference; fileEncoding = 4; lastKnownFileType = sourcecode.swift; path = MessageReceiver.swift; sourceTree = "<group>"; };
		667EB1622418549200B8BCC1 /* RideOrganization.swift */ = {isa = PBXFileReference; lastKnownFileType = sourcecode.swift; path = RideOrganization.swift; sourceTree = "<group>"; };
		669338B12455048500612DD2 /* DataPullViewController.swift */ = {isa = PBXFileReference; lastKnownFileType = sourcecode.swift; path = DataPullViewController.swift; sourceTree = "<group>"; };
		66946A5E240F374D00800E0B /* DevicesCollectionViewController.swift */ = {isa = PBXFileReference; lastKnownFileType = sourcecode.swift; path = DevicesCollectionViewController.swift; sourceTree = "<group>"; };
		66946A61240F694000800E0B /* DeviceCollectionViewCell.swift */ = {isa = PBXFileReference; lastKnownFileType = sourcecode.swift; path = DeviceCollectionViewCell.swift; sourceTree = "<group>"; };
		66946A62240F694000800E0B /* DeviceCollectionViewCell.xib */ = {isa = PBXFileReference; lastKnownFileType = file.xib; path = DeviceCollectionViewCell.xib; sourceTree = "<group>"; };
		66946A6824109D7F00800E0B /* SettingsViewController.swift */ = {isa = PBXFileReference; lastKnownFileType = sourcecode.swift; path = SettingsViewController.swift; sourceTree = "<group>"; };
		6697FE732415C54900623A89 /* DashboardHeaderView.swift */ = {isa = PBXFileReference; lastKnownFileType = sourcecode.swift; path = DashboardHeaderView.swift; sourceTree = "<group>"; };
		6697FE742415C54900623A89 /* DashboardHeaderView.xib */ = {isa = PBXFileReference; lastKnownFileType = file.xib; path = DashboardHeaderView.xib; sourceTree = "<group>"; };
		6697FE772415C70000623A89 /* LastRideCell.swift */ = {isa = PBXFileReference; lastKnownFileType = sourcecode.swift; path = LastRideCell.swift; sourceTree = "<group>"; };
		6697FE782415C70000623A89 /* LastRideCell.xib */ = {isa = PBXFileReference; lastKnownFileType = file.xib; path = LastRideCell.xib; sourceTree = "<group>"; };
		6697FE7B2415D05000623A89 /* StatisticsCell.swift */ = {isa = PBXFileReference; lastKnownFileType = sourcecode.swift; path = StatisticsCell.swift; sourceTree = "<group>"; };
		6697FE7C2415D05000623A89 /* StatisticsCell.xib */ = {isa = PBXFileReference; lastKnownFileType = file.xib; path = StatisticsCell.xib; sourceTree = "<group>"; };
		6697FE7F2415DC8100623A89 /* WeekDetailCell.swift */ = {isa = PBXFileReference; lastKnownFileType = sourcecode.swift; path = WeekDetailCell.swift; sourceTree = "<group>"; };
		6697FE802415DC8100623A89 /* WeekDetailCell.xib */ = {isa = PBXFileReference; lastKnownFileType = file.xib; path = WeekDetailCell.xib; sourceTree = "<group>"; };
		6697FE832415DEC300623A89 /* LastLocationCell.swift */ = {isa = PBXFileReference; lastKnownFileType = sourcecode.swift; path = LastLocationCell.swift; sourceTree = "<group>"; };
		6697FE842415DEC300623A89 /* LastLocationCell.xib */ = {isa = PBXFileReference; lastKnownFileType = file.xib; path = LastLocationCell.xib; sourceTree = "<group>"; };
		6697FE872415EDBE00623A89 /* TestDataManager.swift */ = {isa = PBXFileReference; fileEncoding = 4; lastKnownFileType = sourcecode.swift; path = TestDataManager.swift; sourceTree = "<group>"; };
		6697FE892417388300623A89 /* ride_00.csv */ = {isa = PBXFileReference; fileEncoding = 4; lastKnownFileType = text; path = ride_00.csv; sourceTree = "<group>"; };
		66B66B8F2487172200F94F64 /* ride_01.csv */ = {isa = PBXFileReference; lastKnownFileType = text; path = ride_01.csv; sourceTree = "<group>"; };
		74F66AC400C5FCBCD351D838 /* Pods-AgriGuardian.debug.xcconfig */ = {isa = PBXFileReference; includeInIndex = 1; lastKnownFileType = text.xcconfig; name = "Pods-AgriGuardian.debug.xcconfig"; path = "Target Support Files/Pods-AgriGuardian/Pods-AgriGuardian.debug.xcconfig"; sourceTree = "<group>"; };
		7E09B5FDD8AD16490081C627 /* Pods_AgriGuardian_AgriGuardianUITests.framework */ = {isa = PBXFileReference; explicitFileType = wrapper.framework; includeInIndex = 0; path = Pods_AgriGuardian_AgriGuardianUITests.framework; sourceTree = BUILT_PRODUCTS_DIR; };
		7F22C73168F5407AE20F86B9 /* Pods-AgriGuardian.release.xcconfig */ = {isa = PBXFileReference; includeInIndex = 1; lastKnownFileType = text.xcconfig; name = "Pods-AgriGuardian.release.xcconfig"; path = "Target Support Files/Pods-AgriGuardian/Pods-AgriGuardian.release.xcconfig"; sourceTree = "<group>"; };
		879949621C67682580496505 /* Pods_AgriGuardian.framework */ = {isa = PBXFileReference; explicitFileType = wrapper.framework; includeInIndex = 0; path = Pods_AgriGuardian.framework; sourceTree = BUILT_PRODUCTS_DIR; };
		9A73395228C1E315A6D9707E /* Pods-AgriGuardian-AgriGuardianUITests.debug.xcconfig */ = {isa = PBXFileReference; includeInIndex = 1; lastKnownFileType = text.xcconfig; name = "Pods-AgriGuardian-AgriGuardianUITests.debug.xcconfig"; path = "Target Support Files/Pods-AgriGuardian-AgriGuardianUITests/Pods-AgriGuardian-AgriGuardianUITests.debug.xcconfig"; sourceTree = "<group>"; };
		A450BBE35690E39175F7E24F /* Pods_AgriGuardianTests.framework */ = {isa = PBXFileReference; explicitFileType = wrapper.framework; includeInIndex = 0; path = Pods_AgriGuardianTests.framework; sourceTree = BUILT_PRODUCTS_DIR; };
		A6380960F6E7C948CA0A1CE2 /* Pods-AgriGuardianTests.release.xcconfig */ = {isa = PBXFileReference; includeInIndex = 1; lastKnownFileType = text.xcconfig; name = "Pods-AgriGuardianTests.release.xcconfig"; path = "Target Support Files/Pods-AgriGuardianTests/Pods-AgriGuardianTests.release.xcconfig"; sourceTree = "<group>"; };
/* End PBXFileReference section */

/* Begin PBXFrameworksBuildPhase section */
		5B5A71DC23EB3FDD00B5E2C5 /* Frameworks */ = {
			isa = PBXFrameworksBuildPhase;
			buildActionMask = 2147483647;
			files = (
				C7B49D1582F673FADC4DEE5E /* Pods_AgriGuardian.framework in Frameworks */,
			);
			runOnlyForDeploymentPostprocessing = 0;
		};
		5B5A71F523EB3FE100B5E2C5 /* Frameworks */ = {
			isa = PBXFrameworksBuildPhase;
			buildActionMask = 2147483647;
			files = (
				8C7F317BE3BCEF184CFF6FD1 /* Pods_AgriGuardianTests.framework in Frameworks */,
			);
			runOnlyForDeploymentPostprocessing = 0;
		};
		5B5A720023EB3FE100B5E2C5 /* Frameworks */ = {
			isa = PBXFrameworksBuildPhase;
			buildActionMask = 2147483647;
			files = (
				6DB29B079D0657A665F2FEB9 /* Pods_AgriGuardian_AgriGuardianUITests.framework in Frameworks */,
			);
			runOnlyForDeploymentPostprocessing = 0;
		};
/* End PBXFrameworksBuildPhase section */

/* Begin PBXGroup section */
		5B5A71D623EB3FDD00B5E2C5 = {
			isa = PBXGroup;
			children = (
				5B5A71E123EB3FDD00B5E2C5 /* AgriGuardian */,
				5B5A71FB23EB3FE100B5E2C5 /* AgriGuardianTests */,
				5B5A720623EB3FE100B5E2C5 /* AgriGuardianUITests */,
				5B5A71E023EB3FDD00B5E2C5 /* Products */,
				7972145C9AC6A816D97D3155 /* Pods */,
				7A86F74E9FEF06315AEE2941 /* Frameworks */,
			);
			sourceTree = "<group>";
		};
		5B5A71E023EB3FDD00B5E2C5 /* Products */ = {
			isa = PBXGroup;
			children = (
				5B5A71DF23EB3FDD00B5E2C5 /* AgriGuardian.app */,
				5B5A71F823EB3FE100B5E2C5 /* AgriGuardianTests.xctest */,
				5B5A720323EB3FE100B5E2C5 /* AgriGuardianUITests.xctest */,
			);
			name = Products;
			sourceTree = "<group>";
		};
		5B5A71E123EB3FDD00B5E2C5 /* AgriGuardian */ = {
			isa = PBXGroup;
			children = (
				6697FE872415EDBE00623A89 /* TestDataManager.swift */,
				5B96C863243E809C00843163 /* FirebaseManager.swift */,
				666AC0CE23FA266700DEB3E3 /* AgriGuardian.entitlements */,
				666AC0CB23FA219500DEB3E3 /* Views */,
				666AC0CA23FA218E00DEB3E3 /* Models */,
				666AC0C923FA216400DEB3E3 /* Controllers */,
				5B5A71E223EB3FDD00B5E2C5 /* AppDelegate.swift */,
				5B5A71E423EB3FDD00B5E2C5 /* SceneDelegate.swift */,
				665A19372462160900C02973 /* Onboarding.storyboard */,
				6607CDDE247DB499002AFACA /* Notification.storyboard */,
				5B5A71E823EB3FDD00B5E2C5 /* Main.storyboard */,
				5B5A71EE23EB3FE100B5E2C5 /* Assets.xcassets */,
				5B5A71F023EB3FE100B5E2C5 /* LaunchScreen.storyboard */,
				5B5A71F323EB3FE100B5E2C5 /* Info.plist */,
				5B5A721523EB414200B5E2C5 /* GoogleService-Info.plist */,
				5B5A71EB23EB3FDD00B5E2C5 /* AgriGuardian.xcdatamodeld */,
			);
			path = AgriGuardian;
			sourceTree = "<group>";
		};
		5B5A71FB23EB3FE100B5E2C5 /* AgriGuardianTests */ = {
			isa = PBXGroup;
			children = (
				5B5A71FC23EB3FE100B5E2C5 /* AgriGuardianTests.swift */,
				5B5A71FE23EB3FE100B5E2C5 /* Info.plist */,
			);
			path = AgriGuardianTests;
			sourceTree = "<group>";
		};
		5B5A720623EB3FE100B5E2C5 /* AgriGuardianUITests */ = {
			isa = PBXGroup;
			children = (
				5B5A720723EB3FE100B5E2C5 /* AgriGuardianUITests.swift */,
				5B5A720923EB3FE100B5E2C5 /* Info.plist */,
			);
			path = AgriGuardianUITests;
			sourceTree = "<group>";
		};
		5BFBC69C24660E9700D0A745 /* Onboarding */ = {
			isa = PBXGroup;
			children = (
				5BFBC69F24660EF200D0A745 /* SignUpViewController.swift */,
				5B97AC0E2469C8B70086B18A /* InitialLoginViewController.swift */,
				5B97AC102469C8FD0086B18A /* IntroAccountInfoViewController.swift */,
			);
			path = Onboarding;
			sourceTree = "<group>";
		};
		6607CDE0247DB7FC002AFACA /* Notifications */ = {
			isa = PBXGroup;
			children = (
				6607CDE1247DB825002AFACA /* CrashReportViewController.swift */,
			);
			path = Notifications;
			sourceTree = "<group>";
		};
		6621C632240B69490039B49A /* RideHistory */ = {
			isa = PBXGroup;
			children = (
				6621C633240B69490039B49A /* YearlyHistoryTableViewController.swift */,
				6621C634240B69490039B49A /* MonthlyHistoryTableViewController.swift */,
				6621C64B240C8B560039B49A /* RideDetailCollectionViewController.swift */,
				6662C26C240E011D00C622D5 /* RideMapViewController.swift */,
			);
			path = RideHistory;
			sourceTree = "<group>";
		};
		6621C637240B69900039B49A /* Devices */ = {
			isa = PBXGroup;
			children = (
				6621C639240B69900039B49A /* DeviceTableViewController.swift */,
				66946A5E240F374D00800E0B /* DevicesCollectionViewController.swift */,
			);
			path = Devices;
			sourceTree = "<group>";
		};
		6621C63A240B69900039B49A /* Extensions */ = {
			isa = PBXGroup;
			children = (
				6621C63B240B69900039B49A /* ViewController+Alerts.swift */,
				6648BB95243BFFA90092093E /* Date.swift */,
			);
			path = Extensions;
			sourceTree = "<group>";
		};
		665A58ED248489D0001903DC /* test_rides */ = {
			isa = PBXGroup;
			children = (
				6697FE892417388300623A89 /* ride_00.csv */,
				665A58EB248480D1001903DC /* ride_04.csv */,
				665A58EE24848A3B001903DC /* ride_11.csv */,
				66B66B8F2487172200F94F64 /* ride_01.csv */,
			);
			path = test_rides;
			sourceTree = "<group>";
		};
		6662C26E240E111700C622D5 /* RideHistory */ = {
			isa = PBXGroup;
			children = (
				6662C26F240E111700C622D5 /* RideDetailInfoCVC.swift */,
				6662C270240E111700C622D5 /* RideTableViewCell.swift */,
				6662C271240E111700C622D5 /* RideTableViewCell.xib */,
				6662C272240E111700C622D5 /* RideDetailHeaderCRV.swift */,
				6662C278240E111700C622D5 /* RideDetailHeaderCRV.xib */,
				6662C273240E111700C622D5 /* RideDetailInfoCVC.xib */,
				6662C274240E111700C622D5 /* MonthHistoryTableViewCell.swift */,
				6662C275240E111700C622D5 /* MonthHistoryTableViewCell.xib */,
				6662C276240E111700C622D5 /* RideDetailMapCVC.xib */,
				6662C277240E111700C622D5 /* RideDetailMapCVC.swift */,
				6648BB91243BF5D40092093E /* RideGraphCVCell.swift */,
				6648BB92243BF5D40092093E /* RideGraphCVCell.xib */,
			);
			path = RideHistory;
			sourceTree = "<group>";
		};
		666AC0C923FA216400DEB3E3 /* Controllers */ = {
			isa = PBXGroup;
			children = (
				6607CDE0247DB7FC002AFACA /* Notifications */,
				5BFBC69C24660E9700D0A745 /* Onboarding */,
				66946A6724109D1200800E0B /* Settings */,
				66946A6524108E4800800E0B /* Dashboard */,
				6621C637240B69900039B49A /* Devices */,
				6621C63A240B69900039B49A /* Extensions */,
				6621C632240B69490039B49A /* RideHistory */,
				666AC0CC23FA229300DEB3E3 /* PeripheralViewController.swift */,
				5B1BB308240B431600E235CD /* LoginViewController.swift */,
				6621C63F240B6D230039B49A /* MainTabBarController.swift */,
				5B8DF8B1240C901D006AE846 /* ProfilesViewController.swift */,
			);
			path = Controllers;
			sourceTree = "<group>";
		};
		666AC0CA23FA218E00DEB3E3 /* Models */ = {
			isa = PBXGroup;
			children = (
				665A58ED248489D0001903DC /* test_rides */,
				667302B52405FF2600BA015A /* BLE */,
				667302B12405FD2500BA015A /* Device.swift */,
				66603F1F240B2C3300253B04 /* RideParameters.swift */,
				66603F21240B308200253B04 /* User.swift */,
				667EB1622418549200B8BCC1 /* RideOrganization.swift */,
			);
			path = Models;
			sourceTree = "<group>";
		};
		666AC0CB23FA219500DEB3E3 /* Views */ = {
			isa = PBXGroup;
			children = (
				6697FE722415C50800623A89 /* Dashboard */,
				66946A60240F691800800E0B /* Devices */,
				6662C26E240E111700C622D5 /* RideHistory */,
				5B8DF8B3240C9113006AE846 /* ProfileCollectionViewCell.swift */,
			);
			path = Views;
			sourceTree = "<group>";
		};
		667302B52405FF2600BA015A /* BLE */ = {
			isa = PBXGroup;
			children = (
				667302B62405FF2600BA015A /* Datagram.swift */,
				667302B72405FF2600BA015A /* Message.swift */,
				667302B82405FF2600BA015A /* MessageReceiver.swift */,
			);
			path = BLE;
			sourceTree = "<group>";
		};
		66946A60240F691800800E0B /* Devices */ = {
			isa = PBXGroup;
			children = (
				66946A61240F694000800E0B /* DeviceCollectionViewCell.swift */,
				66946A62240F694000800E0B /* DeviceCollectionViewCell.xib */,
			);
			path = Devices;
			sourceTree = "<group>";
		};
		66946A6524108E4800800E0B /* Dashboard */ = {
			isa = PBXGroup;
			children = (
				5B1BB30C240B450000E235CD /* HomeViewController.swift */,
			);
			path = Dashboard;
			sourceTree = "<group>";
		};
		66946A6724109D1200800E0B /* Settings */ = {
			isa = PBXGroup;
			children = (
				66946A6824109D7F00800E0B /* SettingsViewController.swift */,
				666CC513244FDAE500222841 /* AccountViewController.swift */,
				666CC515244FE26800222841 /* ManageDevicesViewController.swift */,
				5BFBC69A2458B9E700D0A745 /* DeviceDetailViewController.swift */,
				669338B12455048500612DD2 /* DataPullViewController.swift */,
			);
			path = Settings;
			sourceTree = "<group>";
		};
		6697FE722415C50800623A89 /* Dashboard */ = {
			isa = PBXGroup;
			children = (
				6697FE732415C54900623A89 /* DashboardHeaderView.swift */,
				6697FE742415C54900623A89 /* DashboardHeaderView.xib */,
				6697FE772415C70000623A89 /* LastRideCell.swift */,
				6697FE782415C70000623A89 /* LastRideCell.xib */,
				6697FE7B2415D05000623A89 /* StatisticsCell.swift */,
				6697FE7C2415D05000623A89 /* StatisticsCell.xib */,
				6697FE7F2415DC8100623A89 /* WeekDetailCell.swift */,
				6697FE802415DC8100623A89 /* WeekDetailCell.xib */,
				6697FE832415DEC300623A89 /* LastLocationCell.swift */,
				6697FE842415DEC300623A89 /* LastLocationCell.xib */,
			);
			path = Dashboard;
			sourceTree = "<group>";
		};
		7972145C9AC6A816D97D3155 /* Pods */ = {
			isa = PBXGroup;
			children = (
				74F66AC400C5FCBCD351D838 /* Pods-AgriGuardian.debug.xcconfig */,
				7F22C73168F5407AE20F86B9 /* Pods-AgriGuardian.release.xcconfig */,
				9A73395228C1E315A6D9707E /* Pods-AgriGuardian-AgriGuardianUITests.debug.xcconfig */,
				2EDA8491E9DCBAC6C6237A7C /* Pods-AgriGuardian-AgriGuardianUITests.release.xcconfig */,
				3ADD5A61AEAEC14444025D1B /* Pods-AgriGuardianTests.debug.xcconfig */,
				A6380960F6E7C948CA0A1CE2 /* Pods-AgriGuardianTests.release.xcconfig */,
			);
			path = Pods;
			sourceTree = "<group>";
		};
		7A86F74E9FEF06315AEE2941 /* Frameworks */ = {
			isa = PBXGroup;
			children = (
				879949621C67682580496505 /* Pods_AgriGuardian.framework */,
				7E09B5FDD8AD16490081C627 /* Pods_AgriGuardian_AgriGuardianUITests.framework */,
				A450BBE35690E39175F7E24F /* Pods_AgriGuardianTests.framework */,
			);
			name = Frameworks;
			sourceTree = "<group>";
		};
/* End PBXGroup section */

/* Begin PBXNativeTarget section */
		5B5A71DE23EB3FDD00B5E2C5 /* AgriGuardian */ = {
			isa = PBXNativeTarget;
			buildConfigurationList = 5B5A720C23EB3FE100B5E2C5 /* Build configuration list for PBXNativeTarget "AgriGuardian" */;
			buildPhases = (
				C55E7A43AC87EFB3F0F64203 /* [CP] Check Pods Manifest.lock */,
				5B5A71DB23EB3FDD00B5E2C5 /* Sources */,
				5B5A71DC23EB3FDD00B5E2C5 /* Frameworks */,
				5B5A71DD23EB3FDD00B5E2C5 /* Resources */,
				590EB2E976D48CA4814F1DDE /* [CP] Embed Pods Frameworks */,
				0226E66128BCE826E5E86F7F /* [CP] Copy Pods Resources */,
			);
			buildRules = (
			);
			dependencies = (
			);
			name = AgriGuardian;
			productName = AgriGuardian;
			productReference = 5B5A71DF23EB3FDD00B5E2C5 /* AgriGuardian.app */;
			productType = "com.apple.product-type.application";
		};
		5B5A71F723EB3FE100B5E2C5 /* AgriGuardianTests */ = {
			isa = PBXNativeTarget;
			buildConfigurationList = 5B5A720F23EB3FE100B5E2C5 /* Build configuration list for PBXNativeTarget "AgriGuardianTests" */;
			buildPhases = (
				A47EB86849E7C172C8D4CCB1 /* [CP] Check Pods Manifest.lock */,
				5B5A71F423EB3FE100B5E2C5 /* Sources */,
				5B5A71F523EB3FE100B5E2C5 /* Frameworks */,
				5B5A71F623EB3FE100B5E2C5 /* Resources */,
			);
			buildRules = (
			);
			dependencies = (
				5B5A71FA23EB3FE100B5E2C5 /* PBXTargetDependency */,
			);
			name = AgriGuardianTests;
			productName = AgriGuardianTests;
			productReference = 5B5A71F823EB3FE100B5E2C5 /* AgriGuardianTests.xctest */;
			productType = "com.apple.product-type.bundle.unit-test";
		};
		5B5A720223EB3FE100B5E2C5 /* AgriGuardianUITests */ = {
			isa = PBXNativeTarget;
			buildConfigurationList = 5B5A721223EB3FE100B5E2C5 /* Build configuration list for PBXNativeTarget "AgriGuardianUITests" */;
			buildPhases = (
				0D2E2543B60F8C2F6981B577 /* [CP] Check Pods Manifest.lock */,
				5B5A71FF23EB3FE100B5E2C5 /* Sources */,
				5B5A720023EB3FE100B5E2C5 /* Frameworks */,
				5B5A720123EB3FE100B5E2C5 /* Resources */,
				C7ECBF49456600C78004D9B1 /* [CP] Embed Pods Frameworks */,
				CFC47F06190BF9CCC7B13C95 /* [CP] Copy Pods Resources */,
			);
			buildRules = (
			);
			dependencies = (
				5B5A720523EB3FE100B5E2C5 /* PBXTargetDependency */,
			);
			name = AgriGuardianUITests;
			productName = AgriGuardianUITests;
			productReference = 5B5A720323EB3FE100B5E2C5 /* AgriGuardianUITests.xctest */;
			productType = "com.apple.product-type.bundle.ui-testing";
		};
/* End PBXNativeTarget section */

/* Begin PBXProject section */
		5B5A71D723EB3FDD00B5E2C5 /* Project object */ = {
			isa = PBXProject;
			attributes = {
				LastSwiftUpdateCheck = 1130;
				LastUpgradeCheck = 1130;
				ORGANIZATIONNAME = "Team Kadd";
				TargetAttributes = {
					5B5A71DE23EB3FDD00B5E2C5 = {
						CreatedOnToolsVersion = 11.3.1;
					};
					5B5A71F723EB3FE100B5E2C5 = {
						CreatedOnToolsVersion = 11.3.1;
						TestTargetID = 5B5A71DE23EB3FDD00B5E2C5;
					};
					5B5A720223EB3FE100B5E2C5 = {
						CreatedOnToolsVersion = 11.3.1;
						TestTargetID = 5B5A71DE23EB3FDD00B5E2C5;
					};
				};
			};
			buildConfigurationList = 5B5A71DA23EB3FDD00B5E2C5 /* Build configuration list for PBXProject "AgriGuardian" */;
			compatibilityVersion = "Xcode 9.3";
			developmentRegion = en;
			hasScannedForEncodings = 0;
			knownRegions = (
				en,
				Base,
			);
			mainGroup = 5B5A71D623EB3FDD00B5E2C5;
			productRefGroup = 5B5A71E023EB3FDD00B5E2C5 /* Products */;
			projectDirPath = "";
			projectRoot = "";
			targets = (
				5B5A71DE23EB3FDD00B5E2C5 /* AgriGuardian */,
				5B5A71F723EB3FE100B5E2C5 /* AgriGuardianTests */,
				5B5A720223EB3FE100B5E2C5 /* AgriGuardianUITests */,
			);
		};
/* End PBXProject section */

/* Begin PBXResourcesBuildPhase section */
		5B5A71DD23EB3FDD00B5E2C5 /* Resources */ = {
			isa = PBXResourcesBuildPhase;
			buildActionMask = 2147483647;
			files = (
				6697FE822415DC8100623A89 /* WeekDetailCell.xib in Resources */,
				6648BB94243BF5D40092093E /* RideGraphCVCell.xib in Resources */,
				6697FE862415DEC300623A89 /* LastLocationCell.xib in Resources */,
				5B5A71F223EB3FE100B5E2C5 /* LaunchScreen.storyboard in Resources */,
				6697FE8A2417388400623A89 /* ride_00.csv in Resources */,
				6697FE7E2415D05000623A89 /* StatisticsCell.xib in Resources */,
				6662C27B240E111700C622D5 /* RideTableViewCell.xib in Resources */,
				6662C280240E111700C622D5 /* RideDetailMapCVC.xib in Resources */,
				6662C27D240E111700C622D5 /* RideDetailInfoCVC.xib in Resources */,
				665A58EF24848A3B001903DC /* ride_11.csv in Resources */,
				6697FE762415C54900623A89 /* DashboardHeaderView.xib in Resources */,
				6697FE7A2415C70000623A89 /* LastRideCell.xib in Resources */,
				5B5A721623EB414200B5E2C5 /* GoogleService-Info.plist in Resources */,
				665A58EC248480D1001903DC /* ride_04.csv in Resources */,
				5B5A71EF23EB3FE100B5E2C5 /* Assets.xcassets in Resources */,
				66B66B902487172200F94F64 /* ride_01.csv in Resources */,
				6662C282240E111700C622D5 /* RideDetailHeaderCRV.xib in Resources */,
				6662C27F240E111700C622D5 /* MonthHistoryTableViewCell.xib in Resources */,
				665A19382462160900C02973 /* Onboarding.storyboard in Resources */,
				66946A64240F694000800E0B /* DeviceCollectionViewCell.xib in Resources */,
				5B5A71EA23EB3FDD00B5E2C5 /* Main.storyboard in Resources */,
				6607CDDF247DB499002AFACA /* Notification.storyboard in Resources */,
			);
			runOnlyForDeploymentPostprocessing = 0;
		};
		5B5A71F623EB3FE100B5E2C5 /* Resources */ = {
			isa = PBXResourcesBuildPhase;
			buildActionMask = 2147483647;
			files = (
				5B5A721723EB414200B5E2C5 /* GoogleService-Info.plist in Resources */,
			);
			runOnlyForDeploymentPostprocessing = 0;
		};
		5B5A720123EB3FE100B5E2C5 /* Resources */ = {
			isa = PBXResourcesBuildPhase;
			buildActionMask = 2147483647;
			files = (
				5B5A721823EB414200B5E2C5 /* GoogleService-Info.plist in Resources */,
			);
			runOnlyForDeploymentPostprocessing = 0;
		};
/* End PBXResourcesBuildPhase section */

/* Begin PBXShellScriptBuildPhase section */
		0226E66128BCE826E5E86F7F /* [CP] Copy Pods Resources */ = {
			isa = PBXShellScriptBuildPhase;
			buildActionMask = 2147483647;
			files = (
			);
			inputFileListPaths = (
				"${PODS_ROOT}/Target Support Files/Pods-AgriGuardian/Pods-AgriGuardian-resources-${CONFIGURATION}-input-files.xcfilelist",
			);
			name = "[CP] Copy Pods Resources";
			outputFileListPaths = (
				"${PODS_ROOT}/Target Support Files/Pods-AgriGuardian/Pods-AgriGuardian-resources-${CONFIGURATION}-output-files.xcfilelist",
			);
			runOnlyForDeploymentPostprocessing = 0;
			shellPath = /bin/sh;
			shellScript = "\"${PODS_ROOT}/Target Support Files/Pods-AgriGuardian/Pods-AgriGuardian-resources.sh\"\n";
			showEnvVarsInLog = 0;
		};
		0D2E2543B60F8C2F6981B577 /* [CP] Check Pods Manifest.lock */ = {
			isa = PBXShellScriptBuildPhase;
			buildActionMask = 2147483647;
			files = (
			);
			inputFileListPaths = (
			);
			inputPaths = (
				"${PODS_PODFILE_DIR_PATH}/Podfile.lock",
				"${PODS_ROOT}/Manifest.lock",
			);
			name = "[CP] Check Pods Manifest.lock";
			outputFileListPaths = (
			);
			outputPaths = (
				"$(DERIVED_FILE_DIR)/Pods-AgriGuardian-AgriGuardianUITests-checkManifestLockResult.txt",
			);
			runOnlyForDeploymentPostprocessing = 0;
			shellPath = /bin/sh;
			shellScript = "diff \"${PODS_PODFILE_DIR_PATH}/Podfile.lock\" \"${PODS_ROOT}/Manifest.lock\" > /dev/null\nif [ $? != 0 ] ; then\n    # print error to STDERR\n    echo \"error: The sandbox is not in sync with the Podfile.lock. Run 'pod install' or update your CocoaPods installation.\" >&2\n    exit 1\nfi\n# This output is used by Xcode 'outputs' to avoid re-running this script phase.\necho \"SUCCESS\" > \"${SCRIPT_OUTPUT_FILE_0}\"\n";
			showEnvVarsInLog = 0;
		};
		590EB2E976D48CA4814F1DDE /* [CP] Embed Pods Frameworks */ = {
			isa = PBXShellScriptBuildPhase;
			buildActionMask = 2147483647;
			files = (
			);
			inputFileListPaths = (
				"${PODS_ROOT}/Target Support Files/Pods-AgriGuardian/Pods-AgriGuardian-frameworks-${CONFIGURATION}-input-files.xcfilelist",
			);
			name = "[CP] Embed Pods Frameworks";
			outputFileListPaths = (
				"${PODS_ROOT}/Target Support Files/Pods-AgriGuardian/Pods-AgriGuardian-frameworks-${CONFIGURATION}-output-files.xcfilelist",
			);
			runOnlyForDeploymentPostprocessing = 0;
			shellPath = /bin/sh;
			shellScript = "\"${PODS_ROOT}/Target Support Files/Pods-AgriGuardian/Pods-AgriGuardian-frameworks.sh\"\n";
			showEnvVarsInLog = 0;
		};
		A47EB86849E7C172C8D4CCB1 /* [CP] Check Pods Manifest.lock */ = {
			isa = PBXShellScriptBuildPhase;
			buildActionMask = 2147483647;
			files = (
			);
			inputFileListPaths = (
			);
			inputPaths = (
				"${PODS_PODFILE_DIR_PATH}/Podfile.lock",
				"${PODS_ROOT}/Manifest.lock",
			);
			name = "[CP] Check Pods Manifest.lock";
			outputFileListPaths = (
			);
			outputPaths = (
				"$(DERIVED_FILE_DIR)/Pods-AgriGuardianTests-checkManifestLockResult.txt",
			);
			runOnlyForDeploymentPostprocessing = 0;
			shellPath = /bin/sh;
			shellScript = "diff \"${PODS_PODFILE_DIR_PATH}/Podfile.lock\" \"${PODS_ROOT}/Manifest.lock\" > /dev/null\nif [ $? != 0 ] ; then\n    # print error to STDERR\n    echo \"error: The sandbox is not in sync with the Podfile.lock. Run 'pod install' or update your CocoaPods installation.\" >&2\n    exit 1\nfi\n# This output is used by Xcode 'outputs' to avoid re-running this script phase.\necho \"SUCCESS\" > \"${SCRIPT_OUTPUT_FILE_0}\"\n";
			showEnvVarsInLog = 0;
		};
		C55E7A43AC87EFB3F0F64203 /* [CP] Check Pods Manifest.lock */ = {
			isa = PBXShellScriptBuildPhase;
			buildActionMask = 2147483647;
			files = (
			);
			inputFileListPaths = (
			);
			inputPaths = (
				"${PODS_PODFILE_DIR_PATH}/Podfile.lock",
				"${PODS_ROOT}/Manifest.lock",
			);
			name = "[CP] Check Pods Manifest.lock";
			outputFileListPaths = (
			);
			outputPaths = (
				"$(DERIVED_FILE_DIR)/Pods-AgriGuardian-checkManifestLockResult.txt",
			);
			runOnlyForDeploymentPostprocessing = 0;
			shellPath = /bin/sh;
			shellScript = "diff \"${PODS_PODFILE_DIR_PATH}/Podfile.lock\" \"${PODS_ROOT}/Manifest.lock\" > /dev/null\nif [ $? != 0 ] ; then\n    # print error to STDERR\n    echo \"error: The sandbox is not in sync with the Podfile.lock. Run 'pod install' or update your CocoaPods installation.\" >&2\n    exit 1\nfi\n# This output is used by Xcode 'outputs' to avoid re-running this script phase.\necho \"SUCCESS\" > \"${SCRIPT_OUTPUT_FILE_0}\"\n";
			showEnvVarsInLog = 0;
		};
		C7ECBF49456600C78004D9B1 /* [CP] Embed Pods Frameworks */ = {
			isa = PBXShellScriptBuildPhase;
			buildActionMask = 2147483647;
			files = (
			);
			inputFileListPaths = (
				"${PODS_ROOT}/Target Support Files/Pods-AgriGuardian-AgriGuardianUITests/Pods-AgriGuardian-AgriGuardianUITests-frameworks-${CONFIGURATION}-input-files.xcfilelist",
			);
			name = "[CP] Embed Pods Frameworks";
			outputFileListPaths = (
				"${PODS_ROOT}/Target Support Files/Pods-AgriGuardian-AgriGuardianUITests/Pods-AgriGuardian-AgriGuardianUITests-frameworks-${CONFIGURATION}-output-files.xcfilelist",
			);
			runOnlyForDeploymentPostprocessing = 0;
			shellPath = /bin/sh;
			shellScript = "\"${PODS_ROOT}/Target Support Files/Pods-AgriGuardian-AgriGuardianUITests/Pods-AgriGuardian-AgriGuardianUITests-frameworks.sh\"\n";
			showEnvVarsInLog = 0;
		};
		CFC47F06190BF9CCC7B13C95 /* [CP] Copy Pods Resources */ = {
			isa = PBXShellScriptBuildPhase;
			buildActionMask = 2147483647;
			files = (
			);
			inputFileListPaths = (
				"${PODS_ROOT}/Target Support Files/Pods-AgriGuardian-AgriGuardianUITests/Pods-AgriGuardian-AgriGuardianUITests-resources-${CONFIGURATION}-input-files.xcfilelist",
			);
			name = "[CP] Copy Pods Resources";
			outputFileListPaths = (
				"${PODS_ROOT}/Target Support Files/Pods-AgriGuardian-AgriGuardianUITests/Pods-AgriGuardian-AgriGuardianUITests-resources-${CONFIGURATION}-output-files.xcfilelist",
			);
			runOnlyForDeploymentPostprocessing = 0;
			shellPath = /bin/sh;
			shellScript = "\"${PODS_ROOT}/Target Support Files/Pods-AgriGuardian-AgriGuardianUITests/Pods-AgriGuardian-AgriGuardianUITests-resources.sh\"\n";
			showEnvVarsInLog = 0;
		};
/* End PBXShellScriptBuildPhase section */

/* Begin PBXSourcesBuildPhase section */
		5B5A71DB23EB3FDD00B5E2C5 /* Sources */ = {
			isa = PBXSourcesBuildPhase;
			buildActionMask = 2147483647;
			files = (
				669338B22455048500612DD2 /* DataPullViewController.swift in Sources */,
				667302B22405FD2500BA015A /* Device.swift in Sources */,
				6662C26D240E011D00C622D5 /* RideMapViewController.swift in Sources */,
				6662C281240E111700C622D5 /* RideDetailMapCVC.swift in Sources */,
				666AC0CD23FA229300DEB3E3 /* PeripheralViewController.swift in Sources */,
				5B8DF8B2240C901D006AE846 /* ProfilesViewController.swift in Sources */,
				5BFBC6A024660EF200D0A745 /* SignUpViewController.swift in Sources */,
				6697FE792415C70000623A89 /* LastRideCell.swift in Sources */,
				6621C640240B6D230039B49A /* MainTabBarController.swift in Sources */,
				5B97AC112469C8FD0086B18A /* IntroAccountInfoViewController.swift in Sources */,
				5B1BB30D240B450000E235CD /* HomeViewController.swift in Sources */,
				6662C279240E111700C622D5 /* RideDetailInfoCVC.swift in Sources */,
				6697FE882415EDBE00623A89 /* TestDataManager.swift in Sources */,
				6697FE852415DEC300623A89 /* LastLocationCell.swift in Sources */,
				6621C64C240C8B560039B49A /* RideDetailCollectionViewController.swift in Sources */,
				5B96C864243E809C00843163 /* FirebaseManager.swift in Sources */,
				6662C27A240E111700C622D5 /* RideTableViewCell.swift in Sources */,
				5B1BB309240B431600E235CD /* LoginViewController.swift in Sources */,
				6662C27C240E111700C622D5 /* RideDetailHeaderCRV.swift in Sources */,
				5B5A71E323EB3FDD00B5E2C5 /* AppDelegate.swift in Sources */,
				6697FE7D2415D05000623A89 /* StatisticsCell.swift in Sources */,
				6697FE752415C54900623A89 /* DashboardHeaderView.swift in Sources */,
				6607CDE2247DB825002AFACA /* CrashReportViewController.swift in Sources */,
				6621C635240B69490039B49A /* YearlyHistoryTableViewController.swift in Sources */,
				6621C63D240B69900039B49A /* DeviceTableViewController.swift in Sources */,
				5B8DF8B4240C9113006AE846 /* ProfileCollectionViewCell.swift in Sources */,
				6621C63E240B69900039B49A /* ViewController+Alerts.swift in Sources */,
				6697FE812415DC8100623A89 /* WeekDetailCell.swift in Sources */,
				66946A63240F694000800E0B /* DeviceCollectionViewCell.swift in Sources */,
				66603F22240B308200253B04 /* User.swift in Sources */,
				667302B92405FF2600BA015A /* Datagram.swift in Sources */,
				667302BA2405FF2600BA015A /* Message.swift in Sources */,
				6648BB96243BFFA90092093E /* Date.swift in Sources */,
				5BFBC69B2458B9E700D0A745 /* DeviceDetailViewController.swift in Sources */,
				6621C636240B69490039B49A /* MonthlyHistoryTableViewController.swift in Sources */,
				667EB1632418549200B8BCC1 /* RideOrganization.swift in Sources */,
				5B97AC0F2469C8B70086B18A /* InitialLoginViewController.swift in Sources */,
				66946A5F240F374D00800E0B /* DevicesCollectionViewController.swift in Sources */,
				66946A6924109D7F00800E0B /* SettingsViewController.swift in Sources */,
				6648BB93243BF5D40092093E /* RideGraphCVCell.swift in Sources */,
				6662C27E240E111700C622D5 /* MonthHistoryTableViewCell.swift in Sources */,
				667302BB2405FF2600BA015A /* MessageReceiver.swift in Sources */,
				5B5A71E523EB3FDD00B5E2C5 /* SceneDelegate.swift in Sources */,
				666CC514244FDAE500222841 /* AccountViewController.swift in Sources */,
				66603F20240B2C3300253B04 /* RideParameters.swift in Sources */,
				5B5A71ED23EB3FDD00B5E2C5 /* AgriGuardian.xcdatamodeld in Sources */,
				666CC516244FE26800222841 /* ManageDevicesViewController.swift in Sources */,
			);
			runOnlyForDeploymentPostprocessing = 0;
		};
		5B5A71F423EB3FE100B5E2C5 /* Sources */ = {
			isa = PBXSourcesBuildPhase;
			buildActionMask = 2147483647;
			files = (
				5B5A71FD23EB3FE100B5E2C5 /* AgriGuardianTests.swift in Sources */,
			);
			runOnlyForDeploymentPostprocessing = 0;
		};
		5B5A71FF23EB3FE100B5E2C5 /* Sources */ = {
			isa = PBXSourcesBuildPhase;
			buildActionMask = 2147483647;
			files = (
				5B5A720823EB3FE100B5E2C5 /* AgriGuardianUITests.swift in Sources */,
			);
			runOnlyForDeploymentPostprocessing = 0;
		};
/* End PBXSourcesBuildPhase section */

/* Begin PBXTargetDependency section */
		5B5A71FA23EB3FE100B5E2C5 /* PBXTargetDependency */ = {
			isa = PBXTargetDependency;
			target = 5B5A71DE23EB3FDD00B5E2C5 /* AgriGuardian */;
			targetProxy = 5B5A71F923EB3FE100B5E2C5 /* PBXContainerItemProxy */;
		};
		5B5A720523EB3FE100B5E2C5 /* PBXTargetDependency */ = {
			isa = PBXTargetDependency;
			target = 5B5A71DE23EB3FDD00B5E2C5 /* AgriGuardian */;
			targetProxy = 5B5A720423EB3FE100B5E2C5 /* PBXContainerItemProxy */;
		};
/* End PBXTargetDependency section */

/* Begin PBXVariantGroup section */
		5B5A71E823EB3FDD00B5E2C5 /* Main.storyboard */ = {
			isa = PBXVariantGroup;
			children = (
				5B5A71E923EB3FDD00B5E2C5 /* Base */,
			);
			name = Main.storyboard;
			sourceTree = "<group>";
		};
		5B5A71F023EB3FE100B5E2C5 /* LaunchScreen.storyboard */ = {
			isa = PBXVariantGroup;
			children = (
				5B5A71F123EB3FE100B5E2C5 /* Base */,
			);
			name = LaunchScreen.storyboard;
			sourceTree = "<group>";
		};
/* End PBXVariantGroup section */

/* Begin XCBuildConfiguration section */
		5B5A720A23EB3FE100B5E2C5 /* Debug */ = {
			isa = XCBuildConfiguration;
			buildSettings = {
				ALWAYS_SEARCH_USER_PATHS = NO;
				CLANG_ANALYZER_NONNULL = YES;
				CLANG_ANALYZER_NUMBER_OBJECT_CONVERSION = YES_AGGRESSIVE;
				CLANG_CXX_LANGUAGE_STANDARD = "gnu++14";
				CLANG_CXX_LIBRARY = "libc++";
				CLANG_ENABLE_MODULES = YES;
				CLANG_ENABLE_OBJC_ARC = YES;
				CLANG_ENABLE_OBJC_WEAK = YES;
				CLANG_WARN_BLOCK_CAPTURE_AUTORELEASING = YES;
				CLANG_WARN_BOOL_CONVERSION = YES;
				CLANG_WARN_COMMA = YES;
				CLANG_WARN_CONSTANT_CONVERSION = YES;
				CLANG_WARN_DEPRECATED_OBJC_IMPLEMENTATIONS = YES;
				CLANG_WARN_DIRECT_OBJC_ISA_USAGE = YES_ERROR;
				CLANG_WARN_DOCUMENTATION_COMMENTS = YES;
				CLANG_WARN_EMPTY_BODY = YES;
				CLANG_WARN_ENUM_CONVERSION = YES;
				CLANG_WARN_INFINITE_RECURSION = YES;
				CLANG_WARN_INT_CONVERSION = YES;
				CLANG_WARN_NON_LITERAL_NULL_CONVERSION = YES;
				CLANG_WARN_OBJC_IMPLICIT_RETAIN_SELF = YES;
				CLANG_WARN_OBJC_LITERAL_CONVERSION = YES;
				CLANG_WARN_OBJC_ROOT_CLASS = YES_ERROR;
				CLANG_WARN_RANGE_LOOP_ANALYSIS = YES;
				CLANG_WARN_STRICT_PROTOTYPES = YES;
				CLANG_WARN_SUSPICIOUS_MOVE = YES;
				CLANG_WARN_UNGUARDED_AVAILABILITY = YES_AGGRESSIVE;
				CLANG_WARN_UNREACHABLE_CODE = YES;
				CLANG_WARN__DUPLICATE_METHOD_MATCH = YES;
				COPY_PHASE_STRIP = NO;
				DEBUG_INFORMATION_FORMAT = dwarf;
				ENABLE_STRICT_OBJC_MSGSEND = YES;
				ENABLE_TESTABILITY = YES;
				GCC_C_LANGUAGE_STANDARD = gnu11;
				GCC_DYNAMIC_NO_PIC = NO;
				GCC_NO_COMMON_BLOCKS = YES;
				GCC_OPTIMIZATION_LEVEL = 0;
				GCC_PREPROCESSOR_DEFINITIONS = (
					"DEBUG=1",
					"$(inherited)",
				);
				GCC_WARN_64_TO_32_BIT_CONVERSION = YES;
				GCC_WARN_ABOUT_RETURN_TYPE = YES_ERROR;
				GCC_WARN_UNDECLARED_SELECTOR = YES;
				GCC_WARN_UNINITIALIZED_AUTOS = YES_AGGRESSIVE;
				GCC_WARN_UNUSED_FUNCTION = YES;
				GCC_WARN_UNUSED_VARIABLE = YES;
				IPHONEOS_DEPLOYMENT_TARGET = 13.2;
				MTL_ENABLE_DEBUG_INFO = INCLUDE_SOURCE;
				MTL_FAST_MATH = YES;
				ONLY_ACTIVE_ARCH = YES;
				SDKROOT = iphoneos;
				SWIFT_ACTIVE_COMPILATION_CONDITIONS = DEBUG;
				SWIFT_OPTIMIZATION_LEVEL = "-Onone";
			};
			name = Debug;
		};
		5B5A720B23EB3FE100B5E2C5 /* Release */ = {
			isa = XCBuildConfiguration;
			buildSettings = {
				ALWAYS_SEARCH_USER_PATHS = NO;
				CLANG_ANALYZER_NONNULL = YES;
				CLANG_ANALYZER_NUMBER_OBJECT_CONVERSION = YES_AGGRESSIVE;
				CLANG_CXX_LANGUAGE_STANDARD = "gnu++14";
				CLANG_CXX_LIBRARY = "libc++";
				CLANG_ENABLE_MODULES = YES;
				CLANG_ENABLE_OBJC_ARC = YES;
				CLANG_ENABLE_OBJC_WEAK = YES;
				CLANG_WARN_BLOCK_CAPTURE_AUTORELEASING = YES;
				CLANG_WARN_BOOL_CONVERSION = YES;
				CLANG_WARN_COMMA = YES;
				CLANG_WARN_CONSTANT_CONVERSION = YES;
				CLANG_WARN_DEPRECATED_OBJC_IMPLEMENTATIONS = YES;
				CLANG_WARN_DIRECT_OBJC_ISA_USAGE = YES_ERROR;
				CLANG_WARN_DOCUMENTATION_COMMENTS = YES;
				CLANG_WARN_EMPTY_BODY = YES;
				CLANG_WARN_ENUM_CONVERSION = YES;
				CLANG_WARN_INFINITE_RECURSION = YES;
				CLANG_WARN_INT_CONVERSION = YES;
				CLANG_WARN_NON_LITERAL_NULL_CONVERSION = YES;
				CLANG_WARN_OBJC_IMPLICIT_RETAIN_SELF = YES;
				CLANG_WARN_OBJC_LITERAL_CONVERSION = YES;
				CLANG_WARN_OBJC_ROOT_CLASS = YES_ERROR;
				CLANG_WARN_RANGE_LOOP_ANALYSIS = YES;
				CLANG_WARN_STRICT_PROTOTYPES = YES;
				CLANG_WARN_SUSPICIOUS_MOVE = YES;
				CLANG_WARN_UNGUARDED_AVAILABILITY = YES_AGGRESSIVE;
				CLANG_WARN_UNREACHABLE_CODE = YES;
				CLANG_WARN__DUPLICATE_METHOD_MATCH = YES;
				COPY_PHASE_STRIP = NO;
				DEBUG_INFORMATION_FORMAT = "dwarf-with-dsym";
				ENABLE_NS_ASSERTIONS = NO;
				ENABLE_STRICT_OBJC_MSGSEND = YES;
				GCC_C_LANGUAGE_STANDARD = gnu11;
				GCC_NO_COMMON_BLOCKS = YES;
				GCC_WARN_64_TO_32_BIT_CONVERSION = YES;
				GCC_WARN_ABOUT_RETURN_TYPE = YES_ERROR;
				GCC_WARN_UNDECLARED_SELECTOR = YES;
				GCC_WARN_UNINITIALIZED_AUTOS = YES_AGGRESSIVE;
				GCC_WARN_UNUSED_FUNCTION = YES;
				GCC_WARN_UNUSED_VARIABLE = YES;
				IPHONEOS_DEPLOYMENT_TARGET = 13.2;
				MTL_ENABLE_DEBUG_INFO = NO;
				MTL_FAST_MATH = YES;
				SDKROOT = iphoneos;
				SWIFT_COMPILATION_MODE = wholemodule;
				SWIFT_OPTIMIZATION_LEVEL = "-O";
				VALIDATE_PRODUCT = YES;
			};
			name = Release;
		};
		5B5A720D23EB3FE100B5E2C5 /* Debug */ = {
			isa = XCBuildConfiguration;
			baseConfigurationReference = 74F66AC400C5FCBCD351D838 /* Pods-AgriGuardian.debug.xcconfig */;
			buildSettings = {
				ASSETCATALOG_COMPILER_APPICON_NAME = AppIcon;
				CODE_SIGN_ENTITLEMENTS = AgriGuardian/AgriGuardian.entitlements;
				CODE_SIGN_STYLE = Automatic;
				CURRENT_PROJECT_VERSION = 3;
				DEVELOPMENT_TEAM = K3DJPEYB23;
				INFOPLIST_FILE = AgriGuardian/Info.plist;
				LD_RUNPATH_SEARCH_PATHS = (
					"$(inherited)",
					"@executable_path/Frameworks",
				);
				MARKETING_VERSION = 1.0;
				PRODUCT_BUNDLE_IDENTIFIER = com.TeamKadd.AggieG;
				PRODUCT_NAME = "$(TARGET_NAME)";
				SWIFT_VERSION = 5.0;
				TARGETED_DEVICE_FAMILY = "1,2";
			};
			name = Debug;
		};
		5B5A720E23EB3FE100B5E2C5 /* Release */ = {
			isa = XCBuildConfiguration;
			baseConfigurationReference = 7F22C73168F5407AE20F86B9 /* Pods-AgriGuardian.release.xcconfig */;
			buildSettings = {
				ASSETCATALOG_COMPILER_APPICON_NAME = AppIcon;
				CODE_SIGN_ENTITLEMENTS = AgriGuardian/AgriGuardian.entitlements;
				CODE_SIGN_STYLE = Automatic;
				CURRENT_PROJECT_VERSION = 3;
				DEVELOPMENT_TEAM = K3DJPEYB23;
				INFOPLIST_FILE = AgriGuardian/Info.plist;
				LD_RUNPATH_SEARCH_PATHS = (
					"$(inherited)",
					"@executable_path/Frameworks",
				);
				MARKETING_VERSION = 1.0;
				PRODUCT_BUNDLE_IDENTIFIER = com.TeamKadd.AggieG;
				PRODUCT_NAME = "$(TARGET_NAME)";
				SWIFT_VERSION = 5.0;
				TARGETED_DEVICE_FAMILY = "1,2";
			};
			name = Release;
		};
		5B5A721023EB3FE100B5E2C5 /* Debug */ = {
			isa = XCBuildConfiguration;
			baseConfigurationReference = 3ADD5A61AEAEC14444025D1B /* Pods-AgriGuardianTests.debug.xcconfig */;
			buildSettings = {
				ALWAYS_EMBED_SWIFT_STANDARD_LIBRARIES = YES;
				BUNDLE_LOADER = "$(TEST_HOST)";
				CODE_SIGN_STYLE = Automatic;
				DEVELOPMENT_TEAM = 2J43M5H25R;
				INFOPLIST_FILE = AgriGuardianTests/Info.plist;
				IPHONEOS_DEPLOYMENT_TARGET = 13.2;
				LD_RUNPATH_SEARCH_PATHS = (
					"$(inherited)",
					"@executable_path/Frameworks",
					"@loader_path/Frameworks",
				);
				PRODUCT_BUNDLE_IDENTIFIER = com.TeamKadd.AgriGuardianTests;
				PRODUCT_NAME = "$(TARGET_NAME)";
				SWIFT_VERSION = 5.0;
				TARGETED_DEVICE_FAMILY = "1,2";
				TEST_HOST = "$(BUILT_PRODUCTS_DIR)/AgriGuardian.app/AgriGuardian";
			};
			name = Debug;
		};
		5B5A721123EB3FE100B5E2C5 /* Release */ = {
			isa = XCBuildConfiguration;
			baseConfigurationReference = A6380960F6E7C948CA0A1CE2 /* Pods-AgriGuardianTests.release.xcconfig */;
			buildSettings = {
				ALWAYS_EMBED_SWIFT_STANDARD_LIBRARIES = YES;
				BUNDLE_LOADER = "$(TEST_HOST)";
				CODE_SIGN_STYLE = Automatic;
				DEVELOPMENT_TEAM = 2J43M5H25R;
				INFOPLIST_FILE = AgriGuardianTests/Info.plist;
				IPHONEOS_DEPLOYMENT_TARGET = 13.2;
				LD_RUNPATH_SEARCH_PATHS = (
					"$(inherited)",
					"@executable_path/Frameworks",
					"@loader_path/Frameworks",
				);
				PRODUCT_BUNDLE_IDENTIFIER = com.TeamKadd.AgriGuardianTests;
				PRODUCT_NAME = "$(TARGET_NAME)";
				SWIFT_VERSION = 5.0;
				TARGETED_DEVICE_FAMILY = "1,2";
				TEST_HOST = "$(BUILT_PRODUCTS_DIR)/AgriGuardian.app/AgriGuardian";
			};
			name = Release;
		};
		5B5A721323EB3FE100B5E2C5 /* Debug */ = {
			isa = XCBuildConfiguration;
			baseConfigurationReference = 9A73395228C1E315A6D9707E /* Pods-AgriGuardian-AgriGuardianUITests.debug.xcconfig */;
			buildSettings = {
				ALWAYS_EMBED_SWIFT_STANDARD_LIBRARIES = YES;
				CODE_SIGN_STYLE = Automatic;
				DEVELOPMENT_TEAM = 2J43M5H25R;
				INFOPLIST_FILE = AgriGuardianUITests/Info.plist;
				LD_RUNPATH_SEARCH_PATHS = (
					"$(inherited)",
					"@executable_path/Frameworks",
					"@loader_path/Frameworks",
				);
				PRODUCT_BUNDLE_IDENTIFIER = com.TeamKadd.AgriGuardianUITests;
				PRODUCT_NAME = "$(TARGET_NAME)";
				SWIFT_VERSION = 5.0;
				TARGETED_DEVICE_FAMILY = "1,2";
				TEST_TARGET_NAME = AgriGuardian;
			};
			name = Debug;
		};
		5B5A721423EB3FE100B5E2C5 /* Release */ = {
			isa = XCBuildConfiguration;
			baseConfigurationReference = 2EDA8491E9DCBAC6C6237A7C /* Pods-AgriGuardian-AgriGuardianUITests.release.xcconfig */;
			buildSettings = {
				ALWAYS_EMBED_SWIFT_STANDARD_LIBRARIES = YES;
				CODE_SIGN_STYLE = Automatic;
				DEVELOPMENT_TEAM = 2J43M5H25R;
				INFOPLIST_FILE = AgriGuardianUITests/Info.plist;
				LD_RUNPATH_SEARCH_PATHS = (
					"$(inherited)",
					"@executable_path/Frameworks",
					"@loader_path/Frameworks",
				);
				PRODUCT_BUNDLE_IDENTIFIER = com.TeamKadd.AgriGuardianUITests;
				PRODUCT_NAME = "$(TARGET_NAME)";
				SWIFT_VERSION = 5.0;
				TARGETED_DEVICE_FAMILY = "1,2";
				TEST_TARGET_NAME = AgriGuardian;
			};
			name = Release;
		};
/* End XCBuildConfiguration section */

/* Begin XCConfigurationList section */
		5B5A71DA23EB3FDD00B5E2C5 /* Build configuration list for PBXProject "AgriGuardian" */ = {
			isa = XCConfigurationList;
			buildConfigurations = (
				5B5A720A23EB3FE100B5E2C5 /* Debug */,
				5B5A720B23EB3FE100B5E2C5 /* Release */,
			);
			defaultConfigurationIsVisible = 0;
			defaultConfigurationName = Release;
		};
		5B5A720C23EB3FE100B5E2C5 /* Build configuration list for PBXNativeTarget "AgriGuardian" */ = {
			isa = XCConfigurationList;
			buildConfigurations = (
				5B5A720D23EB3FE100B5E2C5 /* Debug */,
				5B5A720E23EB3FE100B5E2C5 /* Release */,
			);
			defaultConfigurationIsVisible = 0;
			defaultConfigurationName = Release;
		};
		5B5A720F23EB3FE100B5E2C5 /* Build configuration list for PBXNativeTarget "AgriGuardianTests" */ = {
			isa = XCConfigurationList;
			buildConfigurations = (
				5B5A721023EB3FE100B5E2C5 /* Debug */,
				5B5A721123EB3FE100B5E2C5 /* Release */,
			);
			defaultConfigurationIsVisible = 0;
			defaultConfigurationName = Release;
		};
		5B5A721223EB3FE100B5E2C5 /* Build configuration list for PBXNativeTarget "AgriGuardianUITests" */ = {
			isa = XCConfigurationList;
			buildConfigurations = (
				5B5A721323EB3FE100B5E2C5 /* Debug */,
				5B5A721423EB3FE100B5E2C5 /* Release */,
			);
			defaultConfigurationIsVisible = 0;
			defaultConfigurationName = Release;
		};
/* End XCConfigurationList section */

/* Begin XCVersionGroup section */
		5B5A71EB23EB3FDD00B5E2C5 /* AgriGuardian.xcdatamodeld */ = {
			isa = XCVersionGroup;
			children = (
				5B5A71EC23EB3FDD00B5E2C5 /* AgriGuardian.xcdatamodel */,
			);
			currentVersion = 5B5A71EC23EB3FDD00B5E2C5 /* AgriGuardian.xcdatamodel */;
			path = AgriGuardian.xcdatamodeld;
			sourceTree = "<group>";
			versionGroupType = wrapper.xcdatamodel;
		};
/* End XCVersionGroup section */
	};
	rootObject = 5B5A71D723EB3FDD00B5E2C5 /* Project object */;
}
